
Microsoft Visual Studio Solution File, Format Version 12.00
# Visual Studio 15
VisualStudioVersion = 15.0.27703.2035
MinimumVisualStudioVersion = 10.0.40219.1
Project("{2150E333-8FDC-42A3-9474-1A3956D46DE8}") = "ScientificInterface", "ScientificInterface", "{5969ADB4-4FDE-4385-986B-6C28A162AD78}"
EndProject
Project("{2150E333-8FDC-42A3-9474-1A3956D46DE8}") = "EwEPlugin", "EwEPlugin", "{029C328B-65C7-4254-A9C6-AD0ECFF1D827}"
EndProject
Project("{2150E333-8FDC-42A3-9474-1A3956D46DE8}") = "EwE plugins", "EwE plugins", "{CAFA2E5E-DF1C-4982-A43C-031A03C89767}"
EndProject
Project("{2150E333-8FDC-42A3-9474-1A3956D46DE8}") = "EwEUtils", "EwEUtils", "{BDDBAC78-7ED0-4CA7-8B78-7D59C8A5403F}"
EndProject
Project("{2150E333-8FDC-42A3-9474-1A3956D46DE8}") = "EwENetworkAnalysis", "EwENetworkAnalysis", "{7DA02574-7700-4C1E-8CA1-315EBCCFC075}"
EndProject
Project("{2150E333-8FDC-42A3-9474-1A3956D46DE8}") = "ScientificInterfaceShared", "ScientificInterfaceShared", "{AF7464FB-5887-480E-8C7E-0490D8C4DE40}"
EndProject
Project("{2150E333-8FDC-42A3-9474-1A3956D46DE8}") = "EwEValueChain", "EwEValueChain", "{07C4195B-DB4D-46C7-A118-4406D3029B52}"
EndProject
Project("{2150E333-8FDC-42A3-9474-1A3956D46DE8}") = "EwEResultsExtractor", "EwEResultsExtractor", "{9CEC0ECE-1C11-404E-A36B-FAF20CAA0620}"
EndProject
Project("{2150E333-8FDC-42A3-9474-1A3956D46DE8}") = "EwEShapeGridPlugin", "EwEShapeGridPlugin", "{D3EC03C9-6949-4248-9248-058696208B0A}"
EndProject
Project("{F184B08F-C81C-45F6-A57F-5ABD9991F28F}") = "EwEPlugin", "EwEPlugin\EwEPlugin.vbproj", "{0B91F6E0-6127-4CF3-BF57-684092481454}"
EndProject
Project("{F184B08F-C81C-45F6-A57F-5ABD9991F28F}") = "EwEUtils", "EwEUtils\EwEUtils.vbproj", "{5C331318-C23E-4EEB-AD1E-2EDEF85E0205}"
EndProject
Project("{F184B08F-C81C-45F6-A57F-5ABD9991F28F}") = "EwENetworkAnalysisPlugin", "EwECustomPlugins\EwENetworkAnalysis\EwENetworkAnalysisPlugin.vbproj", "{6385C388-96F0-40F5-90A6-2B4838E0610E}"
EndProject
Project("{F184B08F-C81C-45F6-A57F-5ABD9991F28F}") = "ScientificInterfaceShared", "ScientificInterfaceShared\ScientificInterfaceShared.vbproj", "{70AF596E-7D27-4D39-BDE7-89D4525BD60F}"
EndProject
Project("{F184B08F-C81C-45F6-A57F-5ABD9991F28F}") = "EwEValueChain", "EwECustomPlugins\EwEValueChain\EwEValueChain.vbproj", "{E87E552B-C82F-4984-9249-631DAC727633}"
EndProject
Project("{F184B08F-C81C-45F6-A57F-5ABD9991F28F}") = "EwEResultsExtractorPlugin", "EwECustomPlugins\EwEResultsExtractorPlugin\EwEResultsExtractorPlugin.vbproj", "{0913D0AE-BDEC-4C3E-9551-D0A314BE9DE6}"
EndProject
Project("{F184B08F-C81C-45F6-A57F-5ABD9991F28F}") = "EwEShapeGridPlugin", "EwECustomPlugins\EwEShapeGridPlugin\EwEShapeGridPlugin.vbproj", "{5E7BEAC5-84D8-4BC5-9B53-8C7888FC9786}"
EndProject
Project("{2150E333-8FDC-42A3-9474-1A3956D46DE8}") = "EwEEcoTrophPlugin", "EwEEcoTrophPlugin", "{2D684ED6-D36A-4997-88BA-250785F16C2A}"
EndProject
Project("{2150E333-8FDC-42A3-9474-1A3956D46DE8}") = "EwEMultiSimPlugin", "EwEMultiSimPlugin", "{FDC7E306-EA56-49AE-B290-766C5A330EC0}"
EndProject
Project("{F184B08F-C81C-45F6-A57F-5ABD9991F28F}") = "EwEMultiSimPlugin", "EwECustomPlugins\EwEMultiSimPlugin\EwEMultiSimPlugin.vbproj", "{C73CF657-456C-4397-B6A1-5DC8FA68AD48}"
EndProject
Project("{2150E333-8FDC-42A3-9474-1A3956D46DE8}") = "EwEModelFromEcosim", "EwEModelFromEcosim", "{36847F61-9298-4448-88FA-E51CE1B68C5C}"
EndProject
Project("{F184B08F-C81C-45F6-A57F-5ABD9991F28F}") = "EwEModelFromEcosimPlugin", "EwECustomPlugins\EwEModelFromEcosimPlugin\EwEModelFromEcosimPlugin.vbproj", "{243CBCB0-4FD7-43B8-A6D1-27E26E866A99}"
EndProject
Project("{2150E333-8FDC-42A3-9474-1A3956D46DE8}") = "EwERemarksPlugin", "EwERemarksPlugin", "{68BBB444-FD03-4A01-BC2C-DB8C2CD3D328}"
EndProject
Project("{F184B08F-C81C-45F6-A57F-5ABD9991F28F}") = "EwERemarksPlugin", "EwECustomPlugins\EwERemarksPlugin\EwERemarksPlugin.vbproj", "{804DA432-10C6-418C-B323-99C4FDB5CB67}"
EndProject
Project("{F184B08F-C81C-45F6-A57F-5ABD9991F28F}") = "EwEEcotroph", "EwECustomPlugins\EwEEcotroph\EwEEcotroph.vbproj", "{FEF1031B-9933-4364-AD29-C4F8B2E68382}"
EndProject
Project("{2150E333-8FDC-42A3-9474-1A3956D46DE8}") = "EwEAquamapsEnvDataImporterPlugin", "EwEAquamapsEnvDataImporterPlugin", "{1E34E7CE-212D-45BF-974B-1856EA4BBE79}"
EndProject
Project("{F184B08F-C81C-45F6-A57F-5ABD9991F28F}") = "EwEAquamapsEnvDataImporterPlugin", "EwECustomPlugins\EwEAquamapsEnvDataImporterPlugin\EwEAquamapsEnvDataImporterPlugin.vbproj", "{317F27E7-08D2-4EB6-ABC8-DEA7D78951C9}"
EndProject
Project("{2150E333-8FDC-42A3-9474-1A3956D46DE8}") = "EwEWoRMSPlugin", "EwEWoRMSPlugin", "{DBB7E5D2-4C4C-4043-B629-D66A558776D8}"
EndProject
Project("{F184B08F-C81C-45F6-A57F-5ABD9991F28F}") = "EwEWoRMSPlugin", "EwECustomPlugins\EwEWoRMSPlugin\EwEWoRMSPlugin.vbproj", "{4B88BF52-04A7-476B-B2F5-153758A62935}"
EndProject
Project("{2150E333-8FDC-42A3-9474-1A3956D46DE8}") = "EwEPrebal", "EwEPrebal", "{7CFF346D-6B0C-4561-84C1-AAB60BC342FE}"
EndProject
Project("{F184B08F-C81C-45F6-A57F-5ABD9991F28F}") = "EwEPrebalPlugin", "EwECustomPlugins\EwEPrebalPlugin\EwEPrebalPlugin.vbproj", "{095FF758-1CA2-4949-8815-CB46055539FD}"
EndProject
Project("{2150E333-8FDC-42A3-9474-1A3956D46DE8}") = "EwEStepwiseFitting", "EwEStepwiseFitting", "{D30CF580-8ED6-4B74-BA74-417D7DB34CEC}"
EndProject
Project("{F184B08F-C81C-45F6-A57F-5ABD9991F28F}") = "EwEStepwiseFittingPlugin", "EwECustomPlugins\EwEStepwiseFittingPlugin\EwEStepwiseFittingPlugin.vbproj", "{DFBA19D6-8E39-48F9-A503-CBC2519130B5}"
EndProject
Project("{2150E333-8FDC-42A3-9474-1A3956D46DE8}") = "EwEEcologicalIndicators", "EwEEcologicalIndicators", "{AC92A132-377B-40A3-A333-B401C08EC68F}"
EndProject
Project("{F184B08F-C81C-45F6-A57F-5ABD9991F28F}") = "EwEEcologicalIndicatorsPlugin", "EwECustomPlugins\EwEEcologicalIndicators\EwEEcologicalIndicatorsPlugin.vbproj", "{ADA9F604-2A16-4816-9FE5-31487778902D}"
EndProject
Project("{F184B08F-C81C-45F6-A57F-5ABD9991F28F}") = "ScientificInterface", "ScientificInterface\ScientificInterface.vbproj", "{F24972EB-7291-497E-B4D7-9C2EACBE8E62}"
EndProject
Project("{2150E333-8FDC-42A3-9474-1A3956D46DE8}") = "EwECore", "EwECore", "{A14E30F6-A74B-47DE-9BD5-84BFAC900D32}"
EndProject
Project("{F184B08F-C81C-45F6-A57F-5ABD9991F28F}") = "EwECore", "EwECore\EwECore.vbproj", "{CDECE065-503A-4562-A955-06777B2F909E}"
EndProject
Project("{2150E333-8FDC-42A3-9474-1A3956D46DE8}") = "EwEMergeSplitGroupsPlugin", "EwEMergeSplitGroupsPlugin", "{CA35DB85-C156-4E56-9C4E-EB10B798194D}"
EndProject
Project("{F184B08F-C81C-45F6-A57F-5ABD9991F28F}") = "EwEMergeSplitGroupsPlugin", "..\Sources Internal\Plugins\EwEMergeSplitGroupsPlugin\EwEMergeSplitGroupsPlugin.vbproj", "{88137892-3068-42B7-BCCA-B811D7264B4A}"
EndProject
Project("{2150E333-8FDC-42A3-9474-1A3956D46DE8}") = "EwEMESPlugin", "EwEMESPlugin", "{CD098C3C-5773-403D-8344-0412C2006537}"
EndProject
Project("{F184B08F-C81C-45F6-A57F-5ABD9991F28F}") = "EwEMSEPlugin", "EwECustomPlugins\EwEMSEPlugin\EwEMSEPlugin.vbproj", "{19B57860-D7C5-479A-8979-E4DFE9A46B50}"
EndProject
Project("{2150E333-8FDC-42A3-9474-1A3956D46DE8}") = "EwEEcoSamplerPlugin", "EwEEcoSamplerPlugin", "{50B6DD60-873B-410D-97BC-BB87754F9C49}"
EndProject
Project("{F184B08F-C81C-45F6-A57F-5ABD9991F28F}") = "EwEEcoSamplerPlugin", "EwECustomPlugins\EwEEcoSamplerPlugin\EwEEcoSamplerPlugin.vbproj", "{22ED1C02-0C01-460B-9305-0A6FEF0032D9}"
EndProject
Project("{2150E333-8FDC-42A3-9474-1A3956D46DE8}") = "EwETransectExtractionPlugin", "EwETransectExtractionPlugin", "{8E3D5D14-69A7-44BA-8C0B-31253033E552}"
EndProject
Project("{F184B08F-C81C-45F6-A57F-5ABD9991F28F}") = "EwETransectExtractionPlugin", "EwECustomPlugins\EwETransectExtractionPlugin\EwETransectExtractionPlugin.vbproj", "{86D3251D-678F-4AB3-9C95-3D29D8FA7797}"
EndProject
Project("{2150E333-8FDC-42A3-9474-1A3956D46DE8}") = "EwEEenaRPlugin", "EwEEenaRPlugin", "{472CEE3A-FFAF-49BD-966A-5E25927F704B}"
EndProject
Project("{F184B08F-C81C-45F6-A57F-5ABD9991F28F}") = "enaRPlugin", "..\Sources Internal\Plugins\enaRPlugin\enaRPlugin\enaRPlugin.vbproj", "{C15AE557-8FA4-4D8A-9820-46BAB5C085AA}"
EndProject
Global
	GlobalSection(SubversionScc) = preSolution
		Svn-Managed = True
		Manager = AnkhSVN - Subversion Support for Visual Studio
	EndGlobalSection
	GlobalSection(SolutionConfigurationPlatforms) = preSolution
		Debug|Any CPU = Debug|Any CPU
		Debug|x64 = Debug|x64
		Debug|x86 = Debug|x86
		Release|Any CPU = Release|Any CPU
		Release|x64 = Release|x64
		Release|x86 = Release|x86
	EndGlobalSection
	GlobalSection(ProjectConfigurationPlatforms) = postSolution
		{0B91F6E0-6127-4CF3-BF57-684092481454}.Debug|Any CPU.ActiveCfg = Debug|Any CPU
		{0B91F6E0-6127-4CF3-BF57-684092481454}.Debug|Any CPU.Build.0 = Debug|Any CPU
		{0B91F6E0-6127-4CF3-BF57-684092481454}.Debug|x64.ActiveCfg = Debug|x64
		{0B91F6E0-6127-4CF3-BF57-684092481454}.Debug|x64.Build.0 = Debug|x64
		{0B91F6E0-6127-4CF3-BF57-684092481454}.Debug|x86.ActiveCfg = Debug|x86
		{0B91F6E0-6127-4CF3-BF57-684092481454}.Debug|x86.Build.0 = Debug|x86
		{0B91F6E0-6127-4CF3-BF57-684092481454}.Release|Any CPU.ActiveCfg = Release|Any CPU
		{0B91F6E0-6127-4CF3-BF57-684092481454}.Release|Any CPU.Build.0 = Release|Any CPU
		{0B91F6E0-6127-4CF3-BF57-684092481454}.Release|x64.ActiveCfg = Release|x64
		{0B91F6E0-6127-4CF3-BF57-684092481454}.Release|x64.Build.0 = Release|x64
		{0B91F6E0-6127-4CF3-BF57-684092481454}.Release|x86.ActiveCfg = Release|x86
		{0B91F6E0-6127-4CF3-BF57-684092481454}.Release|x86.Build.0 = Release|x86
		{5C331318-C23E-4EEB-AD1E-2EDEF85E0205}.Debug|Any CPU.ActiveCfg = Debug|Any CPU
		{5C331318-C23E-4EEB-AD1E-2EDEF85E0205}.Debug|Any CPU.Build.0 = Debug|Any CPU
		{5C331318-C23E-4EEB-AD1E-2EDEF85E0205}.Debug|x64.ActiveCfg = Debug|x64
		{5C331318-C23E-4EEB-AD1E-2EDEF85E0205}.Debug|x64.Build.0 = Debug|x64
		{5C331318-C23E-4EEB-AD1E-2EDEF85E0205}.Debug|x86.ActiveCfg = Debug|x86
		{5C331318-C23E-4EEB-AD1E-2EDEF85E0205}.Debug|x86.Build.0 = Debug|x86
		{5C331318-C23E-4EEB-AD1E-2EDEF85E0205}.Release|Any CPU.ActiveCfg = Release|Any CPU
		{5C331318-C23E-4EEB-AD1E-2EDEF85E0205}.Release|Any CPU.Build.0 = Release|Any CPU
		{5C331318-C23E-4EEB-AD1E-2EDEF85E0205}.Release|x64.ActiveCfg = Release|x64
		{5C331318-C23E-4EEB-AD1E-2EDEF85E0205}.Release|x64.Build.0 = Release|x64
		{5C331318-C23E-4EEB-AD1E-2EDEF85E0205}.Release|x86.ActiveCfg = Release|x86
		{5C331318-C23E-4EEB-AD1E-2EDEF85E0205}.Release|x86.Build.0 = Release|x86
		{6385C388-96F0-40F5-90A6-2B4838E0610E}.Debug|Any CPU.ActiveCfg = Debug|Any CPU
		{6385C388-96F0-40F5-90A6-2B4838E0610E}.Debug|Any CPU.Build.0 = Debug|Any CPU
		{6385C388-96F0-40F5-90A6-2B4838E0610E}.Debug|x64.ActiveCfg = Debug|x64
		{6385C388-96F0-40F5-90A6-2B4838E0610E}.Debug|x64.Build.0 = Debug|x64
		{6385C388-96F0-40F5-90A6-2B4838E0610E}.Debug|x86.ActiveCfg = Debug|x86
		{6385C388-96F0-40F5-90A6-2B4838E0610E}.Debug|x86.Build.0 = Debug|x86
		{6385C388-96F0-40F5-90A6-2B4838E0610E}.Release|Any CPU.ActiveCfg = Release|Any CPU
		{6385C388-96F0-40F5-90A6-2B4838E0610E}.Release|Any CPU.Build.0 = Release|Any CPU
		{6385C388-96F0-40F5-90A6-2B4838E0610E}.Release|x64.ActiveCfg = Release|x64
		{6385C388-96F0-40F5-90A6-2B4838E0610E}.Release|x64.Build.0 = Release|x64
		{6385C388-96F0-40F5-90A6-2B4838E0610E}.Release|x86.ActiveCfg = Release|x86
		{6385C388-96F0-40F5-90A6-2B4838E0610E}.Release|x86.Build.0 = Release|x86
		{70AF596E-7D27-4D39-BDE7-89D4525BD60F}.Debug|Any CPU.ActiveCfg = Debug|Any CPU
		{70AF596E-7D27-4D39-BDE7-89D4525BD60F}.Debug|Any CPU.Build.0 = Debug|Any CPU
		{70AF596E-7D27-4D39-BDE7-89D4525BD60F}.Debug|x64.ActiveCfg = Debug|x64
		{70AF596E-7D27-4D39-BDE7-89D4525BD60F}.Debug|x64.Build.0 = Debug|x64
		{70AF596E-7D27-4D39-BDE7-89D4525BD60F}.Debug|x86.ActiveCfg = Debug|x86
		{70AF596E-7D27-4D39-BDE7-89D4525BD60F}.Debug|x86.Build.0 = Debug|x86
		{70AF596E-7D27-4D39-BDE7-89D4525BD60F}.Release|Any CPU.ActiveCfg = Release|Any CPU
		{70AF596E-7D27-4D39-BDE7-89D4525BD60F}.Release|Any CPU.Build.0 = Release|Any CPU
		{70AF596E-7D27-4D39-BDE7-89D4525BD60F}.Release|x64.ActiveCfg = Release|x64
		{70AF596E-7D27-4D39-BDE7-89D4525BD60F}.Release|x64.Build.0 = Release|x64
		{70AF596E-7D27-4D39-BDE7-89D4525BD60F}.Release|x86.ActiveCfg = Release|x86
		{70AF596E-7D27-4D39-BDE7-89D4525BD60F}.Release|x86.Build.0 = Release|x86
		{E87E552B-C82F-4984-9249-631DAC727633}.Debug|Any CPU.ActiveCfg = Debug|Any CPU
		{E87E552B-C82F-4984-9249-631DAC727633}.Debug|Any CPU.Build.0 = Debug|Any CPU
		{E87E552B-C82F-4984-9249-631DAC727633}.Debug|x64.ActiveCfg = Debug|x64
		{E87E552B-C82F-4984-9249-631DAC727633}.Debug|x64.Build.0 = Debug|x64
		{E87E552B-C82F-4984-9249-631DAC727633}.Debug|x86.ActiveCfg = Debug|x86
		{E87E552B-C82F-4984-9249-631DAC727633}.Debug|x86.Build.0 = Debug|x86
		{E87E552B-C82F-4984-9249-631DAC727633}.Release|Any CPU.ActiveCfg = Release|Any CPU
		{E87E552B-C82F-4984-9249-631DAC727633}.Release|Any CPU.Build.0 = Release|Any CPU
		{E87E552B-C82F-4984-9249-631DAC727633}.Release|x64.ActiveCfg = Release|x64
		{E87E552B-C82F-4984-9249-631DAC727633}.Release|x64.Build.0 = Release|x64
		{E87E552B-C82F-4984-9249-631DAC727633}.Release|x86.ActiveCfg = Release|x86
		{E87E552B-C82F-4984-9249-631DAC727633}.Release|x86.Build.0 = Release|x86
		{0913D0AE-BDEC-4C3E-9551-D0A314BE9DE6}.Debug|Any CPU.ActiveCfg = Debug|Any CPU
		{0913D0AE-BDEC-4C3E-9551-D0A314BE9DE6}.Debug|Any CPU.Build.0 = Debug|Any CPU
		{0913D0AE-BDEC-4C3E-9551-D0A314BE9DE6}.Debug|x64.ActiveCfg = Debug|x64
		{0913D0AE-BDEC-4C3E-9551-D0A314BE9DE6}.Debug|x64.Build.0 = Debug|x64
		{0913D0AE-BDEC-4C3E-9551-D0A314BE9DE6}.Debug|x86.ActiveCfg = Debug|x86
		{0913D0AE-BDEC-4C3E-9551-D0A314BE9DE6}.Debug|x86.Build.0 = Debug|x86
		{0913D0AE-BDEC-4C3E-9551-D0A314BE9DE6}.Release|Any CPU.ActiveCfg = Release|Any CPU
		{0913D0AE-BDEC-4C3E-9551-D0A314BE9DE6}.Release|Any CPU.Build.0 = Release|Any CPU
		{0913D0AE-BDEC-4C3E-9551-D0A314BE9DE6}.Release|x64.ActiveCfg = Release|x64
		{0913D0AE-BDEC-4C3E-9551-D0A314BE9DE6}.Release|x64.Build.0 = Release|x64
		{0913D0AE-BDEC-4C3E-9551-D0A314BE9DE6}.Release|x86.ActiveCfg = Release|x86
		{0913D0AE-BDEC-4C3E-9551-D0A314BE9DE6}.Release|x86.Build.0 = Release|x86
		{5E7BEAC5-84D8-4BC5-9B53-8C7888FC9786}.Debug|Any CPU.ActiveCfg = Debug|Any CPU
		{5E7BEAC5-84D8-4BC5-9B53-8C7888FC9786}.Debug|Any CPU.Build.0 = Debug|Any CPU
		{5E7BEAC5-84D8-4BC5-9B53-8C7888FC9786}.Debug|x64.ActiveCfg = Debug|x64
		{5E7BEAC5-84D8-4BC5-9B53-8C7888FC9786}.Debug|x64.Build.0 = Debug|x64
		{5E7BEAC5-84D8-4BC5-9B53-8C7888FC9786}.Debug|x86.ActiveCfg = Debug|x86
		{5E7BEAC5-84D8-4BC5-9B53-8C7888FC9786}.Debug|x86.Build.0 = Debug|x86
		{5E7BEAC5-84D8-4BC5-9B53-8C7888FC9786}.Release|Any CPU.ActiveCfg = Release|Any CPU
		{5E7BEAC5-84D8-4BC5-9B53-8C7888FC9786}.Release|Any CPU.Build.0 = Release|Any CPU
		{5E7BEAC5-84D8-4BC5-9B53-8C7888FC9786}.Release|x64.ActiveCfg = Release|x64
		{5E7BEAC5-84D8-4BC5-9B53-8C7888FC9786}.Release|x64.Build.0 = Release|x64
		{5E7BEAC5-84D8-4BC5-9B53-8C7888FC9786}.Release|x86.ActiveCfg = Release|x86
		{5E7BEAC5-84D8-4BC5-9B53-8C7888FC9786}.Release|x86.Build.0 = Release|x86
		{C73CF657-456C-4397-B6A1-5DC8FA68AD48}.Debug|Any CPU.ActiveCfg = Debug|Any CPU
		{C73CF657-456C-4397-B6A1-5DC8FA68AD48}.Debug|Any CPU.Build.0 = Debug|Any CPU
		{C73CF657-456C-4397-B6A1-5DC8FA68AD48}.Debug|x64.ActiveCfg = Debug|x64
		{C73CF657-456C-4397-B6A1-5DC8FA68AD48}.Debug|x64.Build.0 = Debug|x64
		{C73CF657-456C-4397-B6A1-5DC8FA68AD48}.Debug|x86.ActiveCfg = Debug|x86
		{C73CF657-456C-4397-B6A1-5DC8FA68AD48}.Debug|x86.Build.0 = Debug|x86
		{C73CF657-456C-4397-B6A1-5DC8FA68AD48}.Release|Any CPU.ActiveCfg = Release|Any CPU
		{C73CF657-456C-4397-B6A1-5DC8FA68AD48}.Release|Any CPU.Build.0 = Release|Any CPU
		{C73CF657-456C-4397-B6A1-5DC8FA68AD48}.Release|x64.ActiveCfg = Release|x64
		{C73CF657-456C-4397-B6A1-5DC8FA68AD48}.Release|x64.Build.0 = Release|x64
		{C73CF657-456C-4397-B6A1-5DC8FA68AD48}.Release|x86.ActiveCfg = Release|x86
		{C73CF657-456C-4397-B6A1-5DC8FA68AD48}.Release|x86.Build.0 = Release|x86
		{243CBCB0-4FD7-43B8-A6D1-27E26E866A99}.Debug|Any CPU.ActiveCfg = Debug|Any CPU
		{243CBCB0-4FD7-43B8-A6D1-27E26E866A99}.Debug|Any CPU.Build.0 = Debug|Any CPU
		{243CBCB0-4FD7-43B8-A6D1-27E26E866A99}.Debug|x64.ActiveCfg = Debug|x64
		{243CBCB0-4FD7-43B8-A6D1-27E26E866A99}.Debug|x64.Build.0 = Debug|x64
		{243CBCB0-4FD7-43B8-A6D1-27E26E866A99}.Debug|x86.ActiveCfg = Debug|x86
		{243CBCB0-4FD7-43B8-A6D1-27E26E866A99}.Debug|x86.Build.0 = Debug|x86
		{243CBCB0-4FD7-43B8-A6D1-27E26E866A99}.Release|Any CPU.ActiveCfg = Release|Any CPU
		{243CBCB0-4FD7-43B8-A6D1-27E26E866A99}.Release|Any CPU.Build.0 = Release|Any CPU
		{243CBCB0-4FD7-43B8-A6D1-27E26E866A99}.Release|x64.ActiveCfg = Release|x64
		{243CBCB0-4FD7-43B8-A6D1-27E26E866A99}.Release|x64.Build.0 = Release|x64
		{243CBCB0-4FD7-43B8-A6D1-27E26E866A99}.Release|x86.ActiveCfg = Release|x86
		{243CBCB0-4FD7-43B8-A6D1-27E26E866A99}.Release|x86.Build.0 = Release|x86
		{804DA432-10C6-418C-B323-99C4FDB5CB67}.Debug|Any CPU.ActiveCfg = Debug|Any CPU
		{804DA432-10C6-418C-B323-99C4FDB5CB67}.Debug|Any CPU.Build.0 = Debug|Any CPU
		{804DA432-10C6-418C-B323-99C4FDB5CB67}.Debug|x64.ActiveCfg = Debug|x64
		{804DA432-10C6-418C-B323-99C4FDB5CB67}.Debug|x64.Build.0 = Debug|x64
		{804DA432-10C6-418C-B323-99C4FDB5CB67}.Debug|x86.ActiveCfg = Debug|x86
		{804DA432-10C6-418C-B323-99C4FDB5CB67}.Debug|x86.Build.0 = Debug|x86
		{804DA432-10C6-418C-B323-99C4FDB5CB67}.Release|Any CPU.ActiveCfg = Release|Any CPU
		{804DA432-10C6-418C-B323-99C4FDB5CB67}.Release|Any CPU.Build.0 = Release|Any CPU
		{804DA432-10C6-418C-B323-99C4FDB5CB67}.Release|x64.ActiveCfg = Release|x64
		{804DA432-10C6-418C-B323-99C4FDB5CB67}.Release|x64.Build.0 = Release|x64
		{804DA432-10C6-418C-B323-99C4FDB5CB67}.Release|x86.ActiveCfg = Release|x86
		{804DA432-10C6-418C-B323-99C4FDB5CB67}.Release|x86.Build.0 = Release|x86
		{FEF1031B-9933-4364-AD29-C4F8B2E68382}.Debug|Any CPU.ActiveCfg = Debug|Any CPU
		{FEF1031B-9933-4364-AD29-C4F8B2E68382}.Debug|Any CPU.Build.0 = Debug|Any CPU
		{FEF1031B-9933-4364-AD29-C4F8B2E68382}.Debug|x64.ActiveCfg = Debug|x64
		{FEF1031B-9933-4364-AD29-C4F8B2E68382}.Debug|x64.Build.0 = Debug|x64
		{FEF1031B-9933-4364-AD29-C4F8B2E68382}.Debug|x86.ActiveCfg = Debug|x86
		{FEF1031B-9933-4364-AD29-C4F8B2E68382}.Debug|x86.Build.0 = Debug|x86
		{FEF1031B-9933-4364-AD29-C4F8B2E68382}.Release|Any CPU.ActiveCfg = Release|Any CPU
		{FEF1031B-9933-4364-AD29-C4F8B2E68382}.Release|Any CPU.Build.0 = Release|Any CPU
		{FEF1031B-9933-4364-AD29-C4F8B2E68382}.Release|x64.ActiveCfg = Release|x64
		{FEF1031B-9933-4364-AD29-C4F8B2E68382}.Release|x64.Build.0 = Release|x64
		{FEF1031B-9933-4364-AD29-C4F8B2E68382}.Release|x86.ActiveCfg = Release|x86
		{FEF1031B-9933-4364-AD29-C4F8B2E68382}.Release|x86.Build.0 = Release|x86
		{317F27E7-08D2-4EB6-ABC8-DEA7D78951C9}.Debug|Any CPU.ActiveCfg = Debug|Any CPU
		{317F27E7-08D2-4EB6-ABC8-DEA7D78951C9}.Debug|Any CPU.Build.0 = Debug|Any CPU
		{317F27E7-08D2-4EB6-ABC8-DEA7D78951C9}.Debug|x64.ActiveCfg = Debug|x64
		{317F27E7-08D2-4EB6-ABC8-DEA7D78951C9}.Debug|x64.Build.0 = Debug|x64
		{317F27E7-08D2-4EB6-ABC8-DEA7D78951C9}.Debug|x86.ActiveCfg = Debug|x86
		{317F27E7-08D2-4EB6-ABC8-DEA7D78951C9}.Debug|x86.Build.0 = Debug|x86
		{317F27E7-08D2-4EB6-ABC8-DEA7D78951C9}.Release|Any CPU.ActiveCfg = Release|Any CPU
		{317F27E7-08D2-4EB6-ABC8-DEA7D78951C9}.Release|Any CPU.Build.0 = Release|Any CPU
		{317F27E7-08D2-4EB6-ABC8-DEA7D78951C9}.Release|x64.ActiveCfg = Release|x64
		{317F27E7-08D2-4EB6-ABC8-DEA7D78951C9}.Release|x64.Build.0 = Release|x64
		{317F27E7-08D2-4EB6-ABC8-DEA7D78951C9}.Release|x86.ActiveCfg = Release|x86
		{317F27E7-08D2-4EB6-ABC8-DEA7D78951C9}.Release|x86.Build.0 = Release|x86
		{4B88BF52-04A7-476B-B2F5-153758A62935}.Debug|Any CPU.ActiveCfg = Debug|Any CPU
		{4B88BF52-04A7-476B-B2F5-153758A62935}.Debug|Any CPU.Build.0 = Debug|Any CPU
		{4B88BF52-04A7-476B-B2F5-153758A62935}.Debug|x64.ActiveCfg = Debug|x64
		{4B88BF52-04A7-476B-B2F5-153758A62935}.Debug|x64.Build.0 = Debug|x64
		{4B88BF52-04A7-476B-B2F5-153758A62935}.Debug|x86.ActiveCfg = Debug|x86
		{4B88BF52-04A7-476B-B2F5-153758A62935}.Debug|x86.Build.0 = Debug|x86
		{4B88BF52-04A7-476B-B2F5-153758A62935}.Release|Any CPU.ActiveCfg = Release|Any CPU
		{4B88BF52-04A7-476B-B2F5-153758A62935}.Release|Any CPU.Build.0 = Release|Any CPU
		{4B88BF52-04A7-476B-B2F5-153758A62935}.Release|x64.ActiveCfg = Release|x64
		{4B88BF52-04A7-476B-B2F5-153758A62935}.Release|x64.Build.0 = Release|x64
		{4B88BF52-04A7-476B-B2F5-153758A62935}.Release|x86.ActiveCfg = Release|x86
		{4B88BF52-04A7-476B-B2F5-153758A62935}.Release|x86.Build.0 = Release|x86
		{095FF758-1CA2-4949-8815-CB46055539FD}.Debug|Any CPU.ActiveCfg = Debug|Any CPU
		{095FF758-1CA2-4949-8815-CB46055539FD}.Debug|Any CPU.Build.0 = Debug|Any CPU
		{095FF758-1CA2-4949-8815-CB46055539FD}.Debug|x64.ActiveCfg = Debug|x64
		{095FF758-1CA2-4949-8815-CB46055539FD}.Debug|x64.Build.0 = Debug|x64
		{095FF758-1CA2-4949-8815-CB46055539FD}.Debug|x86.ActiveCfg = Debug|x86
		{095FF758-1CA2-4949-8815-CB46055539FD}.Debug|x86.Build.0 = Debug|x86
		{095FF758-1CA2-4949-8815-CB46055539FD}.Release|Any CPU.ActiveCfg = Release|Any CPU
		{095FF758-1CA2-4949-8815-CB46055539FD}.Release|Any CPU.Build.0 = Release|Any CPU
		{095FF758-1CA2-4949-8815-CB46055539FD}.Release|x64.ActiveCfg = Release|x64
		{095FF758-1CA2-4949-8815-CB46055539FD}.Release|x64.Build.0 = Release|x64
		{095FF758-1CA2-4949-8815-CB46055539FD}.Release|x86.ActiveCfg = Release|x86
		{095FF758-1CA2-4949-8815-CB46055539FD}.Release|x86.Build.0 = Release|x86
		{DFBA19D6-8E39-48F9-A503-CBC2519130B5}.Debug|Any CPU.ActiveCfg = Debug|Any CPU
		{DFBA19D6-8E39-48F9-A503-CBC2519130B5}.Debug|Any CPU.Build.0 = Debug|Any CPU
		{DFBA19D6-8E39-48F9-A503-CBC2519130B5}.Debug|x64.ActiveCfg = Debug|x64
		{DFBA19D6-8E39-48F9-A503-CBC2519130B5}.Debug|x64.Build.0 = Debug|x64
		{DFBA19D6-8E39-48F9-A503-CBC2519130B5}.Debug|x86.ActiveCfg = Debug|x86
		{DFBA19D6-8E39-48F9-A503-CBC2519130B5}.Debug|x86.Build.0 = Debug|x86
		{DFBA19D6-8E39-48F9-A503-CBC2519130B5}.Release|Any CPU.ActiveCfg = Release|Any CPU
		{DFBA19D6-8E39-48F9-A503-CBC2519130B5}.Release|Any CPU.Build.0 = Release|Any CPU
		{DFBA19D6-8E39-48F9-A503-CBC2519130B5}.Release|x64.ActiveCfg = Release|x64
		{DFBA19D6-8E39-48F9-A503-CBC2519130B5}.Release|x64.Build.0 = Release|x64
		{DFBA19D6-8E39-48F9-A503-CBC2519130B5}.Release|x86.ActiveCfg = Release|x86
		{DFBA19D6-8E39-48F9-A503-CBC2519130B5}.Release|x86.Build.0 = Release|x86
		{ADA9F604-2A16-4816-9FE5-31487778902D}.Debug|Any CPU.ActiveCfg = Debug|Any CPU
		{ADA9F604-2A16-4816-9FE5-31487778902D}.Debug|Any CPU.Build.0 = Debug|Any CPU
		{ADA9F604-2A16-4816-9FE5-31487778902D}.Debug|x64.ActiveCfg = Debug|x64
		{ADA9F604-2A16-4816-9FE5-31487778902D}.Debug|x64.Build.0 = Debug|x64
		{ADA9F604-2A16-4816-9FE5-31487778902D}.Debug|x86.ActiveCfg = Debug|x86
		{ADA9F604-2A16-4816-9FE5-31487778902D}.Debug|x86.Build.0 = Debug|x86
		{ADA9F604-2A16-4816-9FE5-31487778902D}.Release|Any CPU.ActiveCfg = Release|Any CPU
		{ADA9F604-2A16-4816-9FE5-31487778902D}.Release|Any CPU.Build.0 = Release|Any CPU
		{ADA9F604-2A16-4816-9FE5-31487778902D}.Release|x64.ActiveCfg = Release|x64
		{ADA9F604-2A16-4816-9FE5-31487778902D}.Release|x64.Build.0 = Release|x64
		{ADA9F604-2A16-4816-9FE5-31487778902D}.Release|x86.ActiveCfg = Release|x86
		{ADA9F604-2A16-4816-9FE5-31487778902D}.Release|x86.Build.0 = Release|x86
		{F24972EB-7291-497E-B4D7-9C2EACBE8E62}.Debug|Any CPU.ActiveCfg = Debug|Any CPU
		{F24972EB-7291-497E-B4D7-9C2EACBE8E62}.Debug|Any CPU.Build.0 = Debug|Any CPU
		{F24972EB-7291-497E-B4D7-9C2EACBE8E62}.Debug|x64.ActiveCfg = Debug|x64
		{F24972EB-7291-497E-B4D7-9C2EACBE8E62}.Debug|x64.Build.0 = Debug|x64
		{F24972EB-7291-497E-B4D7-9C2EACBE8E62}.Debug|x86.ActiveCfg = Debug|x86
		{F24972EB-7291-497E-B4D7-9C2EACBE8E62}.Debug|x86.Build.0 = Debug|x86
		{F24972EB-7291-497E-B4D7-9C2EACBE8E62}.Release|Any CPU.ActiveCfg = Release|Any CPU
		{F24972EB-7291-497E-B4D7-9C2EACBE8E62}.Release|Any CPU.Build.0 = Release|Any CPU
		{F24972EB-7291-497E-B4D7-9C2EACBE8E62}.Release|x64.ActiveCfg = Release|x64
		{F24972EB-7291-497E-B4D7-9C2EACBE8E62}.Release|x64.Build.0 = Release|x64
		{F24972EB-7291-497E-B4D7-9C2EACBE8E62}.Release|x86.ActiveCfg = Release|x86
		{F24972EB-7291-497E-B4D7-9C2EACBE8E62}.Release|x86.Build.0 = Release|x86
		{CDECE065-503A-4562-A955-06777B2F909E}.Debug|Any CPU.ActiveCfg = Debug|Any CPU
		{CDECE065-503A-4562-A955-06777B2F909E}.Debug|Any CPU.Build.0 = Debug|Any CPU
		{CDECE065-503A-4562-A955-06777B2F909E}.Debug|x64.ActiveCfg = Debug|x64
		{CDECE065-503A-4562-A955-06777B2F909E}.Debug|x64.Build.0 = Debug|x64
		{CDECE065-503A-4562-A955-06777B2F909E}.Debug|x86.ActiveCfg = Debug|x86
		{CDECE065-503A-4562-A955-06777B2F909E}.Debug|x86.Build.0 = Debug|x86
		{CDECE065-503A-4562-A955-06777B2F909E}.Release|Any CPU.ActiveCfg = Release|Any CPU
		{CDECE065-503A-4562-A955-06777B2F909E}.Release|Any CPU.Build.0 = Release|Any CPU
		{CDECE065-503A-4562-A955-06777B2F909E}.Release|x64.ActiveCfg = Release|x64
		{CDECE065-503A-4562-A955-06777B2F909E}.Release|x64.Build.0 = Release|x64
		{CDECE065-503A-4562-A955-06777B2F909E}.Release|x86.ActiveCfg = Release|x86
		{CDECE065-503A-4562-A955-06777B2F909E}.Release|x86.Build.0 = Release|x86
		{88137892-3068-42B7-BCCA-B811D7264B4A}.Debug|Any CPU.ActiveCfg = Debug|Any CPU
		{88137892-3068-42B7-BCCA-B811D7264B4A}.Debug|Any CPU.Build.0 = Debug|Any CPU
		{88137892-3068-42B7-BCCA-B811D7264B4A}.Debug|x64.ActiveCfg = Debug|x64
		{88137892-3068-42B7-BCCA-B811D7264B4A}.Debug|x64.Build.0 = Debug|x64
		{88137892-3068-42B7-BCCA-B811D7264B4A}.Debug|x86.ActiveCfg = Debug|x86
		{88137892-3068-42B7-BCCA-B811D7264B4A}.Debug|x86.Build.0 = Debug|x86
		{88137892-3068-42B7-BCCA-B811D7264B4A}.Release|Any CPU.ActiveCfg = Release|Any CPU
		{88137892-3068-42B7-BCCA-B811D7264B4A}.Release|Any CPU.Build.0 = Release|Any CPU
		{88137892-3068-42B7-BCCA-B811D7264B4A}.Release|x64.ActiveCfg = Release|x64
		{88137892-3068-42B7-BCCA-B811D7264B4A}.Release|x64.Build.0 = Release|x64
		{88137892-3068-42B7-BCCA-B811D7264B4A}.Release|x86.ActiveCfg = Release|x86
		{88137892-3068-42B7-BCCA-B811D7264B4A}.Release|x86.Build.0 = Release|x86
		{19B57860-D7C5-479A-8979-E4DFE9A46B50}.Debug|Any CPU.ActiveCfg = Debug|Any CPU
		{19B57860-D7C5-479A-8979-E4DFE9A46B50}.Debug|Any CPU.Build.0 = Debug|Any CPU
		{19B57860-D7C5-479A-8979-E4DFE9A46B50}.Debug|x64.ActiveCfg = Debug|x64
		{19B57860-D7C5-479A-8979-E4DFE9A46B50}.Debug|x64.Build.0 = Debug|x64
		{19B57860-D7C5-479A-8979-E4DFE9A46B50}.Debug|x86.ActiveCfg = Debug|x86
		{19B57860-D7C5-479A-8979-E4DFE9A46B50}.Debug|x86.Build.0 = Debug|x86
		{19B57860-D7C5-479A-8979-E4DFE9A46B50}.Release|Any CPU.ActiveCfg = Release|Any CPU
		{19B57860-D7C5-479A-8979-E4DFE9A46B50}.Release|Any CPU.Build.0 = Release|Any CPU
		{19B57860-D7C5-479A-8979-E4DFE9A46B50}.Release|x64.ActiveCfg = Release|x64
		{19B57860-D7C5-479A-8979-E4DFE9A46B50}.Release|x64.Build.0 = Release|x64
		{19B57860-D7C5-479A-8979-E4DFE9A46B50}.Release|x86.ActiveCfg = Release|x86
		{19B57860-D7C5-479A-8979-E4DFE9A46B50}.Release|x86.Build.0 = Release|x86
		{22ED1C02-0C01-460B-9305-0A6FEF0032D9}.Debug|Any CPU.ActiveCfg = Debug|Any CPU
		{22ED1C02-0C01-460B-9305-0A6FEF0032D9}.Debug|Any CPU.Build.0 = Debug|Any CPU
		{22ED1C02-0C01-460B-9305-0A6FEF0032D9}.Debug|x64.ActiveCfg = Debug|x64
		{22ED1C02-0C01-460B-9305-0A6FEF0032D9}.Debug|x64.Build.0 = Debug|x64
		{22ED1C02-0C01-460B-9305-0A6FEF0032D9}.Debug|x86.ActiveCfg = Debug|x86
		{22ED1C02-0C01-460B-9305-0A6FEF0032D9}.Debug|x86.Build.0 = Debug|x86
		{22ED1C02-0C01-460B-9305-0A6FEF0032D9}.Release|Any CPU.ActiveCfg = Release|Any CPU
		{22ED1C02-0C01-460B-9305-0A6FEF0032D9}.Release|Any CPU.Build.0 = Release|Any CPU
		{22ED1C02-0C01-460B-9305-0A6FEF0032D9}.Release|x64.ActiveCfg = Release|x64
		{22ED1C02-0C01-460B-9305-0A6FEF0032D9}.Release|x64.Build.0 = Release|x64
		{22ED1C02-0C01-460B-9305-0A6FEF0032D9}.Release|x86.ActiveCfg = Release|x86
		{22ED1C02-0C01-460B-9305-0A6FEF0032D9}.Release|x86.Build.0 = Release|x86
		{86D3251D-678F-4AB3-9C95-3D29D8FA7797}.Debug|Any CPU.ActiveCfg = Debug|Any CPU
		{86D3251D-678F-4AB3-9C95-3D29D8FA7797}.Debug|Any CPU.Build.0 = Debug|Any CPU
		{86D3251D-678F-4AB3-9C95-3D29D8FA7797}.Debug|x64.ActiveCfg = Debug|x64
		{86D3251D-678F-4AB3-9C95-3D29D8FA7797}.Debug|x64.Build.0 = Debug|x64
		{86D3251D-678F-4AB3-9C95-3D29D8FA7797}.Debug|x86.ActiveCfg = Debug|x86
		{86D3251D-678F-4AB3-9C95-3D29D8FA7797}.Debug|x86.Build.0 = Debug|x86
		{86D3251D-678F-4AB3-9C95-3D29D8FA7797}.Release|Any CPU.ActiveCfg = Release|Any CPU
		{86D3251D-678F-4AB3-9C95-3D29D8FA7797}.Release|Any CPU.Build.0 = Release|Any CPU
		{86D3251D-678F-4AB3-9C95-3D29D8FA7797}.Release|x64.ActiveCfg = Release|x64
		{86D3251D-678F-4AB3-9C95-3D29D8FA7797}.Release|x64.Build.0 = Release|x64
		{86D3251D-678F-4AB3-9C95-3D29D8FA7797}.Release|x86.ActiveCfg = Release|x86
		{86D3251D-678F-4AB3-9C95-3D29D8FA7797}.Release|x86.Build.0 = Release|x86
		{C15AE557-8FA4-4D8A-9820-46BAB5C085AA}.Debug|Any CPU.ActiveCfg = Debug|Any CPU
		{C15AE557-8FA4-4D8A-9820-46BAB5C085AA}.Debug|Any CPU.Build.0 = Debug|Any CPU
		{C15AE557-8FA4-4D8A-9820-46BAB5C085AA}.Debug|x64.ActiveCfg = Debug|x64
		{C15AE557-8FA4-4D8A-9820-46BAB5C085AA}.Debug|x64.Build.0 = Debug|x64
		{C15AE557-8FA4-4D8A-9820-46BAB5C085AA}.Debug|x86.ActiveCfg = Debug|x86
		{C15AE557-8FA4-4D8A-9820-46BAB5C085AA}.Debug|x86.Build.0 = Debug|x86
		{C15AE557-8FA4-4D8A-9820-46BAB5C085AA}.Release|Any CPU.ActiveCfg = Release|Any CPU
		{C15AE557-8FA4-4D8A-9820-46BAB5C085AA}.Release|Any CPU.Build.0 = Release|Any CPU
		{C15AE557-8FA4-4D8A-9820-46BAB5C085AA}.Release|x64.ActiveCfg = Release|x64
		{C15AE557-8FA4-4D8A-9820-46BAB5C085AA}.Release|x64.Build.0 = Release|x64
		{C15AE557-8FA4-4D8A-9820-46BAB5C085AA}.Release|x86.ActiveCfg = Release|x86
		{C15AE557-8FA4-4D8A-9820-46BAB5C085AA}.Release|x86.Build.0 = Release|x86
	EndGlobalSection
	GlobalSection(SolutionProperties) = preSolution
		HideSolutionNode = FALSE
	EndGlobalSection
	GlobalSection(NestedProjects) = preSolution
		{7DA02574-7700-4C1E-8CA1-315EBCCFC075} = {CAFA2E5E-DF1C-4982-A43C-031A03C89767}
		{07C4195B-DB4D-46C7-A118-4406D3029B52} = {CAFA2E5E-DF1C-4982-A43C-031A03C89767}
		{9CEC0ECE-1C11-404E-A36B-FAF20CAA0620} = {CAFA2E5E-DF1C-4982-A43C-031A03C89767}
		{D3EC03C9-6949-4248-9248-058696208B0A} = {CAFA2E5E-DF1C-4982-A43C-031A03C89767}
		{0B91F6E0-6127-4CF3-BF57-684092481454} = {029C328B-65C7-4254-A9C6-AD0ECFF1D827}
		{5C331318-C23E-4EEB-AD1E-2EDEF85E0205} = {BDDBAC78-7ED0-4CA7-8B78-7D59C8A5403F}
		{6385C388-96F0-40F5-90A6-2B4838E0610E} = {7DA02574-7700-4C1E-8CA1-315EBCCFC075}
		{70AF596E-7D27-4D39-BDE7-89D4525BD60F} = {AF7464FB-5887-480E-8C7E-0490D8C4DE40}
		{E87E552B-C82F-4984-9249-631DAC727633} = {07C4195B-DB4D-46C7-A118-4406D3029B52}
		{0913D0AE-BDEC-4C3E-9551-D0A314BE9DE6} = {9CEC0ECE-1C11-404E-A36B-FAF20CAA0620}
		{5E7BEAC5-84D8-4BC5-9B53-8C7888FC9786} = {D3EC03C9-6949-4248-9248-058696208B0A}
		{2D684ED6-D36A-4997-88BA-250785F16C2A} = {CAFA2E5E-DF1C-4982-A43C-031A03C89767}
		{FDC7E306-EA56-49AE-B290-766C5A330EC0} = {CAFA2E5E-DF1C-4982-A43C-031A03C89767}
		{C73CF657-456C-4397-B6A1-5DC8FA68AD48} = {FDC7E306-EA56-49AE-B290-766C5A330EC0}
		{36847F61-9298-4448-88FA-E51CE1B68C5C} = {CAFA2E5E-DF1C-4982-A43C-031A03C89767}
		{243CBCB0-4FD7-43B8-A6D1-27E26E866A99} = {36847F61-9298-4448-88FA-E51CE1B68C5C}
		{68BBB444-FD03-4A01-BC2C-DB8C2CD3D328} = {CAFA2E5E-DF1C-4982-A43C-031A03C89767}
		{804DA432-10C6-418C-B323-99C4FDB5CB67} = {68BBB444-FD03-4A01-BC2C-DB8C2CD3D328}
		{FEF1031B-9933-4364-AD29-C4F8B2E68382} = {2D684ED6-D36A-4997-88BA-250785F16C2A}
		{1E34E7CE-212D-45BF-974B-1856EA4BBE79} = {CAFA2E5E-DF1C-4982-A43C-031A03C89767}
		{317F27E7-08D2-4EB6-ABC8-DEA7D78951C9} = {1E34E7CE-212D-45BF-974B-1856EA4BBE79}
		{DBB7E5D2-4C4C-4043-B629-D66A558776D8} = {CAFA2E5E-DF1C-4982-A43C-031A03C89767}
		{4B88BF52-04A7-476B-B2F5-153758A62935} = {DBB7E5D2-4C4C-4043-B629-D66A558776D8}
		{7CFF346D-6B0C-4561-84C1-AAB60BC342FE} = {CAFA2E5E-DF1C-4982-A43C-031A03C89767}
		{095FF758-1CA2-4949-8815-CB46055539FD} = {7CFF346D-6B0C-4561-84C1-AAB60BC342FE}
		{D30CF580-8ED6-4B74-BA74-417D7DB34CEC} = {CAFA2E5E-DF1C-4982-A43C-031A03C89767}
		{DFBA19D6-8E39-48F9-A503-CBC2519130B5} = {D30CF580-8ED6-4B74-BA74-417D7DB34CEC}
		{AC92A132-377B-40A3-A333-B401C08EC68F} = {CAFA2E5E-DF1C-4982-A43C-031A03C89767}
		{ADA9F604-2A16-4816-9FE5-31487778902D} = {AC92A132-377B-40A3-A333-B401C08EC68F}
		{F24972EB-7291-497E-B4D7-9C2EACBE8E62} = {5969ADB4-4FDE-4385-986B-6C28A162AD78}
		{CDECE065-503A-4562-A955-06777B2F909E} = {A14E30F6-A74B-47DE-9BD5-84BFAC900D32}
		{CA35DB85-C156-4E56-9C4E-EB10B798194D} = {CAFA2E5E-DF1C-4982-A43C-031A03C89767}
		{88137892-3068-42B7-BCCA-B811D7264B4A} = {CA35DB85-C156-4E56-9C4E-EB10B798194D}
		{CD098C3C-5773-403D-8344-0412C2006537} = {CAFA2E5E-DF1C-4982-A43C-031A03C89767}
		{19B57860-D7C5-479A-8979-E4DFE9A46B50} = {CD098C3C-5773-403D-8344-0412C2006537}
		{50B6DD60-873B-410D-97BC-BB87754F9C49} = {CAFA2E5E-DF1C-4982-A43C-031A03C89767}
		{22ED1C02-0C01-460B-9305-0A6FEF0032D9} = {50B6DD60-873B-410D-97BC-BB87754F9C49}
		{8E3D5D14-69A7-44BA-8C0B-31253033E552} = {CAFA2E5E-DF1C-4982-A43C-031A03C89767}
		{86D3251D-678F-4AB3-9C95-3D29D8FA7797} = {8E3D5D14-69A7-44BA-8C0B-31253033E552}
		{472CEE3A-FFAF-49BD-966A-5E25927F704B} = {CAFA2E5E-DF1C-4982-A43C-031A03C89767}
		{C15AE557-8FA4-4D8A-9820-46BAB5C085AA} = {472CEE3A-FFAF-49BD-966A-5E25927F704B}
	EndGlobalSection
	GlobalSection(ExtensibilityGlobals) = postSolution
		SolutionGuid = {95C63F26-75FD-4801-881F-04EB9E2D6425}
	EndGlobalSection
EndGlobal
